
Microsoft Visual Studio Solution File, Format Version 12.00
# Visual Studio Version 16
VisualStudioVersion = 16.0.30128.74
MinimumVisualStudioVersion = 10.0.40219.1
Project("{8BC9CEB8-8B4A-11D0-8D11-00A0C91BC942}") = "Sandbox", "Sandbox\Sandbox.vcxproj", "{EDBBE751-415E-4667-B3E3-0ED9B8C43DA9}"
EndProject
Project("{8BC9CEB8-8B4A-11D0-8D11-00A0C91BC942}") = "Violet", "Violet\Violet.vcxproj", "{8F43DF45-A6E7-4518-9C5C-02E1BF1B3242}"
EndProject
Global
	GlobalSection(SolutionConfigurationPlatforms) = preSolution
		Debug|x64 = Debug|x64
		Release|x64 = Release|x64
	EndGlobalSection
	GlobalSection(ProjectConfigurationPlatforms) = postSolution
		{8F43DF45-A6E7-4518-9C5C-02E1BF1B3242}.Debug|x64.ActiveCfg = Debug|x64
		{8F43DF45-A6E7-4518-9C5C-02E1BF1B3242}.Debug|x64.Build.0 = Debug|x64
		{8F43DF45-A6E7-4518-9C5C-02E1BF1B3242}.Release|x64.ActiveCfg = Release|x64
		{8F43DF45-A6E7-4518-9C5C-02E1BF1B3242}.Release|x64.Build.0 = Release|x64
		{EDBBE751-415E-4667-B3E3-0ED9B8C43DA9}.Debug|x64.ActiveCfg = Debug|x64
		{EDBBE751-415E-4667-B3E3-0ED9B8C43DA9}.Debug|x64.Build.0 = Debug|x64
		{EDBBE751-415E-4667-B3E3-0ED9B8C43DA9}.Release|x64.ActiveCfg = Release|x64
		{EDBBE751-415E-4667-B3E3-0ED9B8C43DA9}.Release|x64.Build.0 = Release|x64
	EndGlobalSection
	GlobalSection(SolutionProperties) = preSolution
		HideSolutionNode = FALSE
	EndGlobalSection
	GlobalSection(ExtensibilityGlobals) = postSolution
		SolutionGuid = {D3C6D726-C47A-4A22-9B37-A9465A761D90}
	EndGlobalSection
EndGlobal
