<?xml version="1.0" encoding="utf-8"?>
<Project ToolsVersion="4.0" xmlns="http://schemas.microsoft.com/developer/msbuild/2003">
  <ItemGroup>
    <Filter Include="backends">
      <UniqueIdentifier>{00057006-ECD1-CA11-15EB-B8B9011700A0}</UniqueIdentifier>
    </Filter>
    <Filter Include="examples">
      <UniqueIdentifier>{84D830B1-70A5-8BBC-99BE-796485EAC04A}</UniqueIdentifier>
    </Filter>
    <Filter Include="examples\libs">
      <UniqueIdentifier>{5D4FF000-C90F-6C37-924A-B5B4FEC9B013}</UniqueIdentifier>
    </Filter>
    <Filter Include="examples\libs\glfw">
      <UniqueIdentifier>{3C45F63A-2829-B790-9189-B1E37D8CA112}</UniqueIdentifier>
    </Filter>
    <Filter Include="examples\libs\glfw\include">
      <UniqueIdentifier>{AFE822A3-9BF8-CE73-04B2-3392F0E0BD0C}</UniqueIdentifier>
    </Filter>
    <Filter Include="examples\libs\glfw\include\GLFW">
      <UniqueIdentifier>{4E69E5B0-BA4C-F4F0-C34F-222D2FB2BA41}</UniqueIdentifier>
    </Filter>
    <Filter Include="misc">
      <UniqueIdentifier>{B1A29A7C-9DD9-9B0D-46C6-811032DC170F}</UniqueIdentifier>
    </Filter>
    <Filter Include="misc\cpp">
      <UniqueIdentifier>{030DBAB9-EFD9-14C5-18F3-026D041F4A53}</UniqueIdentifier>
    </Filter>
  </ItemGroup>
  <ItemGroup>
    <ClInclude Include="..\Violet\vendor\imgui\backends\imgui_impl_glfw.h">
      <Filter>backends</Filter>
    </ClInclude>
    <ClInclude Include="..\Violet\vendor\imgui\backends\imgui_impl_opengl3.h">
      <Filter>backends</Filter>
    </ClInclude>
    <ClInclude Include="..\Violet\vendor\imgui\examples\libs\glfw\include\GLFW\glfw3.h">
      <Filter>examples\libs\glfw\include\GLFW</Filter>
    </ClInclude>
    <ClInclude Include="..\Violet\vendor\imgui\examples\libs\glfw\include\GLFW\glfw3native.h">
      <Filter>examples\libs\glfw\include\GLFW</Filter>
    </ClInclude>
    <ClInclude Include="..\Violet\vendor\imgui\imconfig.h" />
    <ClInclude Include="..\Violet\vendor\imgui\imgui.h" />
    <ClInclude Include="..\Violet\vendor\imgui\imgui_internal.h" />
    <ClInclude Include="..\Violet\vendor\imgui\imstb_rectpack.h" />
    <ClInclude Include="..\Violet\vendor\imgui\imstb_textedit.h" />
    <ClInclude Include="..\Violet\vendor\imgui\imstb_truetype.h" />
    <ClInclude Include="..\Violet\vendor\imgui\misc\cpp\imgui_stdlib.h">
      <Filter>misc\cpp</Filter>
    </ClInclude>
  </ItemGroup>
  <ItemGroup>
    <ClCompile Include="..\Violet\vendor\imgui\backends\imgui_impl_glfw.cpp">
      <Filter>backends</Filter>
    </ClCompile>
    <ClCompile Include="..\Violet\vendor\imgui\backends\imgui_impl_opengl3.cpp">
      <Filter>backends</Filter>
    </ClCompile>
    <ClCompile Include="..\Violet\vendor\imgui\imgui.cpp" />
    <ClCompile Include="..\Violet\vendor\imgui\imgui_demo.cpp" />
    <ClCompile Include="..\Violet\vendor\imgui\imgui_draw.cpp" />
    <ClCompile Include="..\Violet\vendor\imgui\imgui_tables.cpp" />
    <ClCompile Include="..\Violet\vendor\imgui\imgui_widgets.cpp" />
    <ClCompile Include="..\Violet\vendor\imgui\misc\cpp\imgui_stdlib.cpp">
      <Filter>misc\cpp</Filter>
    </ClCompile>
  </ItemGroup>
</Project>