<?xml version="1.0" encoding="utf-8"?>
<Project ToolsVersion="4.0" xmlns="http://schemas.microsoft.com/developer/msbuild/2003">
  <ItemGroup>
    <Filter Include="Violet">
      <UniqueIdentifier>{B86E25D8-A410-50AE-8DCB-6302790CD7FE}</UniqueIdentifier>
    </Filter>
  </ItemGroup>
  <ItemGroup>
    <ClInclude Include="src\Violet.h" />
    <ClInclude Include="src\Violet\Application.h">
      <Filter>Violet</Filter>
    </ClInclude>
    <ClInclude Include="src\Violet\Core.h">
      <Filter>Violet</Filter>
    </ClInclude>
    <ClInclude Include="src\Violet\EntryPoint.h">
      <Filter>Violet</Filter>
    </ClInclude>
    <ClInclude Include="src\Violet\Log.h">
      <Filter>Violet</Filter>
    </ClInclude>
  </ItemGroup>
  <ItemGroup>
    <ClCompile Include="src\Violet\Application.cpp">
      <Filter>Violet</Filter>
    </ClCompile>
    <ClCompile Include="src\Violet\Log.cpp">
      <Filter>Violet</Filter>
    </ClCompile>
  </ItemGroup>
</Project>