<?xml version="1.0" encoding="utf-8"?>
<Project ToolsVersion="4.0" xmlns="http://schemas.microsoft.com/developer/msbuild/2003">
  <ItemGroup>
    <Filter Include="src">
      <UniqueIdentifier>{2DAB880B-99B4-887C-2230-9F7C8E38947C}</UniqueIdentifier>
    </Filter>
    <Filter Include="src\Violet">
      <UniqueIdentifier>{EF478435-DBFF-C582-4407-9FDE30DE6073}</UniqueIdentifier>
    </Filter>
    <Filter Include="src\Violet\Core">
      <UniqueIdentifier>{A7B94217-1345-B0DB-1C56-33D088600CDC}</UniqueIdentifier>
    </Filter>
    <Filter Include="src\Violet\Events">
      <UniqueIdentifier>{F3D0F9F7-5FE7-F78D-A85E-83AF14B4C815}</UniqueIdentifier>
    </Filter>
    <Filter Include="src\Violet\ImGui">
      <UniqueIdentifier>{59B40400-45AD-2352-6EDF-08D75A37035E}</UniqueIdentifier>
    </Filter>
    <Filter Include="src\Violet\Math">
      <UniqueIdentifier>{28FA4717-9485-B5DB-9D96-38D009A111DC}</UniqueIdentifier>
    </Filter>
    <Filter Include="src\Violet\Platform">
      <UniqueIdentifier>{23E1CFF9-8F42-AD07-18B0-F3B98410E4C6}</UniqueIdentifier>
    </Filter>
    <Filter Include="src\Violet\Platform\OpenGL">
      <UniqueIdentifier>{F7846506-E394-11D7-4C4E-76F5387D0070}</UniqueIdentifier>
    </Filter>
    <Filter Include="src\Violet\Platform\Windows">
      <UniqueIdentifier>{5DFE312B-C90B-6011-52F2-5BFCBEFE2BC8}</UniqueIdentifier>
    </Filter>
    <Filter Include="src\Violet\Renderer">
      <UniqueIdentifier>{75E8ACD4-E149-8AE2-6AB7-D094D617C1A1}</UniqueIdentifier>
    </Filter>
    <Filter Include="src\Violet\Scene">
      <UniqueIdentifier>{4CACB400-38A5-D352-61D7-B8D74D2FB35E}</UniqueIdentifier>
    </Filter>
    <Filter Include="src\Violet\Utils">
      <UniqueIdentifier>{8F40E200-7B39-0153-A46B-E6D790C3E05E}</UniqueIdentifier>
    </Filter>
    <Filter Include="vendor">
      <UniqueIdentifier>{B3738122-9F15-ACF8-88D0-BF4C74113349}</UniqueIdentifier>
    </Filter>
    <Filter Include="vendor\ImGuizmo">
      <UniqueIdentifier>{73BF7F4C-DF4A-ED10-E85B-700554664911}</UniqueIdentifier>
    </Filter>
    <Filter Include="vendor\stb_image">
      <UniqueIdentifier>{0DA0BA59-F998-D9AB-22CB-BE300E23B9B7}</UniqueIdentifier>
    </Filter>
  </ItemGroup>
  <ItemGroup>
    <ClInclude Include="src\VIOPCH.h">
      <Filter>src</Filter>
    </ClInclude>
    <ClInclude Include="src\Violet.h">
      <Filter>src</Filter>
    </ClInclude>
    <ClInclude Include="src\Violet\Core\Application.h">
      <Filter>src\Violet\Core</Filter>
    </ClInclude>
    <ClInclude Include="src\Violet\Core\Core.h">
      <Filter>src\Violet\Core</Filter>
    </ClInclude>
    <ClInclude Include="src\Violet\Core\DeltaTime.h">
      <Filter>src\Violet\Core</Filter>
    </ClInclude>
    <ClInclude Include="src\Violet\Core\EntryPoint.h">
      <Filter>src\Violet\Core</Filter>
    </ClInclude>
    <ClInclude Include="src\Violet\Core\Input.h">
      <Filter>src\Violet\Core</Filter>
    </ClInclude>
    <ClInclude Include="src\Violet\Core\KeyCodes.h">
      <Filter>src\Violet\Core</Filter>
    </ClInclude>
    <ClInclude Include="src\Violet\Core\Layer.h">
      <Filter>src\Violet\Core</Filter>
    </ClInclude>
    <ClInclude Include="src\Violet\Core\LayerStack.h">
      <Filter>src\Violet\Core</Filter>
    </ClInclude>
    <ClInclude Include="src\Violet\Core\Log.h">
      <Filter>src\Violet\Core</Filter>
    </ClInclude>
    <ClInclude Include="src\Violet\Core\MouseCodes.h">
      <Filter>src\Violet\Core</Filter>
    </ClInclude>
    <ClInclude Include="src\Violet\Core\Window.h">
      <Filter>src\Violet\Core</Filter>
    </ClInclude>
    <ClInclude Include="src\Violet\Events\ApplicationEvent.h">
      <Filter>src\Violet\Events</Filter>
    </ClInclude>
    <ClInclude Include="src\Violet\Events\Event.h">
      <Filter>src\Violet\Events</Filter>
    </ClInclude>
    <ClInclude Include="src\Violet\Events\KeyEvent.h">
      <Filter>src\Violet\Events</Filter>
    </ClInclude>
    <ClInclude Include="src\Violet\Events\MouseEvent.h">
      <Filter>src\Violet\Events</Filter>
    </ClInclude>
    <ClInclude Include="src\Violet\ImGui\ImGuiLayer.h">
      <Filter>src\Violet\ImGui</Filter>
    </ClInclude>
    <ClInclude Include="src\Violet\Math\Math.h">
      <Filter>src\Violet\Math</Filter>
    </ClInclude>
    <ClInclude Include="src\Violet\Platform\OpenGL\OpenGLBuffer.h">
      <Filter>src\Violet\Platform\OpenGL</Filter>
    </ClInclude>
    <ClInclude Include="src\Violet\Platform\OpenGL\OpenGLContext.h">
      <Filter>src\Violet\Platform\OpenGL</Filter>
    </ClInclude>
    <ClInclude Include="src\Violet\Platform\OpenGL\OpenGLFrameBuffer.h">
      <Filter>src\Violet\Platform\OpenGL</Filter>
    </ClInclude>
    <ClInclude Include="src\Violet\Platform\OpenGL\OpenGLRendererAPI.h">
      <Filter>src\Violet\Platform\OpenGL</Filter>
    </ClInclude>
    <ClInclude Include="src\Violet\Platform\OpenGL\OpenGLShader.h">
      <Filter>src\Violet\Platform\OpenGL</Filter>
    </ClInclude>
    <ClInclude Include="src\Violet\Platform\OpenGL\OpenGLTexture.h">
      <Filter>src\Violet\Platform\OpenGL</Filter>
    </ClInclude>
    <ClInclude Include="src\Violet\Platform\OpenGL\OpenGLVertexArray.h">
      <Filter>src\Violet\Platform\OpenGL</Filter>
    </ClInclude>
    <ClInclude Include="src\Violet\Platform\Windows\WindowsWindow.h">
      <Filter>src\Violet\Platform\Windows</Filter>
    </ClInclude>
    <ClInclude Include="src\Violet\Renderer\Buffer.h">
      <Filter>src\Violet\Renderer</Filter>
    </ClInclude>
    <ClInclude Include="src\Violet\Renderer\Camera.h">
      <Filter>src\Violet\Renderer</Filter>
    </ClInclude>
    <ClInclude Include="src\Violet\Renderer\EditorCamera.h">
      <Filter>src\Violet\Renderer</Filter>
    </ClInclude>
    <ClInclude Include="src\Violet\Renderer\FrameBuffer.h">
      <Filter>src\Violet\Renderer</Filter>
    </ClInclude>
    <ClInclude Include="src\Violet\Renderer\GraphicsAPI.h">
      <Filter>src\Violet\Renderer</Filter>
    </ClInclude>
    <ClInclude Include="src\Violet\Renderer\GraphicsContext.h">
      <Filter>src\Violet\Renderer</Filter>
    </ClInclude>
    <ClInclude Include="src\Violet\Renderer\OrthographicCamera.h">
      <Filter>src\Violet\Renderer</Filter>
    </ClInclude>
    <ClInclude Include="src\Violet\Renderer\OrthographicCameraController.h">
      <Filter>src\Violet\Renderer</Filter>
    </ClInclude>
    <ClInclude Include="src\Violet\Renderer\RenderCommand.h">
      <Filter>src\Violet\Renderer</Filter>
    </ClInclude>
    <ClInclude Include="src\Violet\Renderer\Renderer.h">
      <Filter>src\Violet\Renderer</Filter>
    </ClInclude>
    <ClInclude Include="src\Violet\Renderer\Renderer2D.h">
      <Filter>src\Violet\Renderer</Filter>
    </ClInclude>
    <ClInclude Include="src\Violet\Renderer\Shader.h">
      <Filter>src\Violet\Renderer</Filter>
    </ClInclude>
    <ClInclude Include="src\Violet\Renderer\Texture.h">
      <Filter>src\Violet\Renderer</Filter>
    </ClInclude>
    <ClInclude Include="src\Violet\Renderer\VertexArray.h">
      <Filter>src\Violet\Renderer</Filter>
    </ClInclude>
    <ClInclude Include="src\Violet\Scene\Components.h">
      <Filter>src\Violet\Scene</Filter>
    </ClInclude>
    <ClInclude Include="src\Violet\Scene\Entity.h">
      <Filter>src\Violet\Scene</Filter>
    </ClInclude>
    <ClInclude Include="src\Violet\Scene\Scene.h">
      <Filter>src\Violet\Scene</Filter>
    </ClInclude>
    <ClInclude Include="src\Violet\Scene\SceneCamera.h">
      <Filter>src\Violet\Scene</Filter>
    </ClInclude>
    <ClInclude Include="src\Violet\Scene\SceneSerializer.h">
      <Filter>src\Violet\Scene</Filter>
    </ClInclude>
    <ClInclude Include="src\Violet\Scene\Script.h">
      <Filter>src\Violet\Scene</Filter>
    </ClInclude>
    <ClInclude Include="src\Violet\Utils\PlatformUtils.h">
      <Filter>src\Violet\Utils</Filter>
    </ClInclude>
    <ClInclude Include="vendor\ImGuizmo\ImGuizmo.h">
      <Filter>vendor\ImGuizmo</Filter>
    </ClInclude>
    <ClInclude Include="vendor\stb_image\stb_image.h">
      <Filter>vendor\stb_image</Filter>
    </ClInclude>
  </ItemGroup>
  <ItemGroup>
    <ClCompile Include="src\VIOPCH.cpp">
      <Filter>src</Filter>
    </ClCompile>
    <ClCompile Include="src\Violet\Core\Application.cpp">
      <Filter>src\Violet\Core</Filter>
    </ClCompile>
    <ClCompile Include="src\Violet\Core\Layer.cpp">
      <Filter>src\Violet\Core</Filter>
    </ClCompile>
    <ClCompile Include="src\Violet\Core\LayerStack.cpp">
      <Filter>src\Violet\Core</Filter>
    </ClCompile>
    <ClCompile Include="src\Violet\Core\Log.cpp">
      <Filter>src\Violet\Core</Filter>
    </ClCompile>
    <ClCompile Include="src\Violet\ImGui\ImGuiLayer.cpp">
      <Filter>src\Violet\ImGui</Filter>
    </ClCompile>
    <ClCompile Include="src\Violet\Math\Math.cpp">
      <Filter>src\Violet\Math</Filter>
    </ClCompile>
    <ClCompile Include="src\Violet\Platform\OpenGL\OpenGLBuffer.cpp">
      <Filter>src\Violet\Platform\OpenGL</Filter>
    </ClCompile>
    <ClCompile Include="src\Violet\Platform\OpenGL\OpenGLContext.cpp">
      <Filter>src\Violet\Platform\OpenGL</Filter>
    </ClCompile>
    <ClCompile Include="src\Violet\Platform\OpenGL\OpenGLFrameBuffer.cpp">
      <Filter>src\Violet\Platform\OpenGL</Filter>
    </ClCompile>
    <ClCompile Include="src\Violet\Platform\OpenGL\OpenGLRendererAPI.cpp">
      <Filter>src\Violet\Platform\OpenGL</Filter>
    </ClCompile>
    <ClCompile Include="src\Violet\Platform\OpenGL\OpenGLShader.cpp">
      <Filter>src\Violet\Platform\OpenGL</Filter>
    </ClCompile>
    <ClCompile Include="src\Violet\Platform\OpenGL\OpenGLTexture.cpp">
      <Filter>src\Violet\Platform\OpenGL</Filter>
    </ClCompile>
    <ClCompile Include="src\Violet\Platform\OpenGL\OpenGLVertexArray.cpp">
      <Filter>src\Violet\Platform\OpenGL</Filter>
    </ClCompile>
    <ClCompile Include="src\Violet\Platform\Windows\WindowsInput.cpp">
      <Filter>src\Violet\Platform\Windows</Filter>
    </ClCompile>
    <ClCompile Include="src\Violet\Platform\Windows\WindowsPlatformUtils.cpp">
      <Filter>src\Violet\Platform\Windows</Filter>
    </ClCompile>
    <ClCompile Include="src\Violet\Platform\Windows\WindowsWindow.cpp">
      <Filter>src\Violet\Platform\Windows</Filter>
    </ClCompile>
    <ClCompile Include="src\Violet\Renderer\Buffer.cpp">
      <Filter>src\Violet\Renderer</Filter>
    </ClCompile>
    <ClCompile Include="src\Violet\Renderer\EditorCamera.cpp">
      <Filter>src\Violet\Renderer</Filter>
    </ClCompile>
    <ClCompile Include="src\Violet\Renderer\FrameBuffer.cpp">
      <Filter>src\Violet\Renderer</Filter>
    </ClCompile>
    <ClCompile Include="src\Violet\Renderer\GraphicsAPI.cpp">
      <Filter>src\Violet\Renderer</Filter>
    </ClCompile>
    <ClCompile Include="src\Violet\Renderer\GraphicsContext.cpp">
      <Filter>src\Violet\Renderer</Filter>
    </ClCompile>
    <ClCompile Include="src\Violet\Renderer\OrthographicCamera.cpp">
      <Filter>src\Violet\Renderer</Filter>
    </ClCompile>
    <ClCompile Include="src\Violet\Renderer\OrthographicCameraController.cpp">
      <Filter>src\Violet\Renderer</Filter>
    </ClCompile>
    <ClCompile Include="src\Violet\Renderer\RenderCommand.cpp">
      <Filter>src\Violet\Renderer</Filter>
    </ClCompile>
    <ClCompile Include="src\Violet\Renderer\Renderer.cpp">
      <Filter>src\Violet\Renderer</Filter>
    </ClCompile>
    <ClCompile Include="src\Violet\Renderer\Renderer2D.cpp">
      <Filter>src\Violet\Renderer</Filter>
    </ClCompile>
    <ClCompile Include="src\Violet\Renderer\Shader.cpp">
      <Filter>src\Violet\Renderer</Filter>
    </ClCompile>
    <ClCompile Include="src\Violet\Renderer\Texture.cpp">
      <Filter>src\Violet\Renderer</Filter>
    </ClCompile>
    <ClCompile Include="src\Violet\Renderer\VertexArray.cpp">
      <Filter>src\Violet\Renderer</Filter>
    </ClCompile>
    <ClCompile Include="src\Violet\Scene\Entity.cpp">
      <Filter>src\Violet\Scene</Filter>
    </ClCompile>
    <ClCompile Include="src\Violet\Scene\Scene.cpp">
      <Filter>src\Violet\Scene</Filter>
    </ClCompile>
    <ClCompile Include="src\Violet\Scene\SceneCamera.cpp">
      <Filter>src\Violet\Scene</Filter>
    </ClCompile>
    <ClCompile Include="src\Violet\Scene\SceneSerializer.cpp">
      <Filter>src\Violet\Scene</Filter>
    </ClCompile>
    <ClCompile Include="vendor\ImGuizmo\ImGuizmo.cpp">
      <Filter>vendor\ImGuizmo</Filter>
    </ClCompile>
    <ClCompile Include="vendor\stb_image\stb_image.cpp">
      <Filter>vendor\stb_image</Filter>
    </ClCompile>
  </ItemGroup>
</Project>